GEM
  remote: https://rubygems.org/
  specs:
    base64 (0.3.0)
    dotenv (3.2.0)
    mustermann (3.1.1)
    nio4r (2.7.5)
    nkf (0.2.0)
    puma (6.6.1)
      nio4r (~> 2.0)
    rack (2.2.23)
    rack-protection (3.2.0)
      base64 (>= 0.1.0)
      rack (~> 2.2, >= 2.2.4)
    rubyzip (3.3.0)
    sinatra (3.2.0)
      mustermann (~> 3.0)
      rack (~> 2.2, >= 2.2.4)
      rack-protection (= 3.2.0)
      tilt (~> 2.0)
    tilt (2.7.0)
    write_xlsx (1.15.0)
      nkf
      rubyzip (>= 2.4.0, < 4.0)

PLATFORMS
  x64-mingw-ucrt

DEPENDENCIES
  dotenv (~> 3.1)
  puma (~> 6.0)
  sinatra (= 3.2.0)
  write_xlsx

CHECKSUMS
  base64 (0.3.0) sha256=27337aeabad6ffae05c265c450490628ef3ebd4b67be58257393227588f5a97b
  bundler (4.0.11) sha256=5bcec0fb78302e48d02ee46f10ee6e6942be647ba5b44a6d1ddfda9a240ce785
  dotenv (3.2.0) sha256=e375b83121ea7ca4ce20f214740076129ab8514cd81378161f11c03853fe619d
  mustermann (3.1.1) sha256=4c6170c7234d5499c345562ba7c7dfe73e1754286dcc1abb053064d66a127198
  nio4r (2.7.5) sha256=6c90168e48fb5f8e768419c93abb94ba2b892a1d0602cb06eef16d8b7df1dca1
  nkf (0.2.0) sha256=fbc151bda025451f627fafdfcb3f4f13d0b22ae11f58c6d3a2939c76c5f5f126
  puma (6.6.1) sha256=b9b56e4a4ea75d1bfa6d9e1972ee2c9f43d0883f011826d914e8e37b3694ea1e
  rack (2.2.23) sha256=a8fe9d7e07064770b8ec123663fded8a59ef7e2b6db5cda7173d45a5718ab69c
  rack-protection (3.2.0) sha256=3c74ba7fc59066453d61af9bcba5b6fe7a9b3dab6f445418d3b391d5ea8efbff
  rubyzip (3.3.0) sha256=a372fc67892a4f8c0bc8ec906b720353d8e48807a64b2e63adf99b1e3583a034
  sinatra (3.2.0) sha256=6e727f4d034e87067d9aab37f328021d7c16722ffd293ef07b6e968915109807
  tilt (2.7.0) sha256=0d5b9ba69f6a36490c64b0eee9f6e9aad517e20dcc848800a06eb116f08c6ab3
  write_xlsx (1.15.0) sha256=67cfc1cc7361802e6088cdef5cec02addc8c788a4eb79914545f7032373b439a

BUNDLED WITH
  4.0.11
